
Microsoft Visual Studio Solution File, Format Version 12.00
# Visual Studio 15
VisualStudioVersion = 15.0.27004.2005
MinimumVisualStudioVersion = 10.0.40219.1
Project("{888888A0-9F3D-457C-B088-3A5042F75D52}") = "KqlMagic", "KqlMagic.pyproj", "{EF1FC82B-EC08-4841-9BFE-91CA2E3B2E87}"
EndProject
Global
	GlobalSection(SolutionConfigurationPlatforms) = preSolution
		Debug|Any CPU = Debug|Any CPU
		Release|Any CPU = Release|Any CPU
	EndGlobalSection
	GlobalSection(ProjectConfigurationPlatforms) = postSolution
		{EF1FC82B-EC08-4841-9BFE-91CA2E3B2E87}.Debug|Any CPU.ActiveCfg = Debug|Any CPU
		{EF1FC82B-EC08-4841-9BFE-91CA2E3B2E87}.Release|Any CPU.ActiveCfg = Release|Any CPU
	EndGlobalSection
	GlobalSection(SolutionProperties) = preSolution
		HideSolutionNode = FALSE
	EndGlobalSection
	GlobalSection(ExtensibilityGlobals) = postSolution
		SolutionGuid = {3720AD53-5CB0-4255-872F-1F33A482D528}
	EndGlobalSection
EndGlobal
